{
  "@ogulcancelik/pi-model-thinking": "0.1.0",
  "context-mode": "1.0.169",
  "pi-autoresearch": "1.6.2",
  "pi-cache-optimizer": "2.8.2",
  "pi-clarify": "1.0.1",
  "pi-context-usage": "1.0.2",
  "pi-continue": "0.9.3",
  "pi-lean-ctx": "3.9.18",
  "pi-slim": "0.2.1",
  "pi-tscg": "0.2.4",
  "@quintinshaw/pi-dynamic-workflows": "3.5.1",
  "@samfp/pi-essentials": "0.2.3",
  "@howaboua/pi-smart-btw": "0.2.6",
  "@howaboua/pi-skill-model-facing-api-design": "0.0.5"
}
